// !$*UTF8*$!
{
	archiveVersion = 1;
	classes = {
	};
	objectVersion = 46;
	objects = {

/* Begin PBXBuildFile section */
		92042C781BD0A21C006FC549 /* main.cpp in Sources */ = {isa = PBXBuildFile; fileRef = 92042C771BD0A21C006FC549 /* main.cpp */; };
		92042C801BD0A248006FC549 /* router.cpp in Sources */ = {isa = PBXBuildFile; fileRef = 92042C7E1BD0A248006FC549 /* router.cpp */; };
		92FB53321BE336A1006AE2FF /* p_queue.cpp in Sources */ = {isa = PBXBuildFile; fileRef = 92FB53301BE336A1006AE2FF /* p_queue.cpp */; };
/* End PBXBuildFile section */

/* Begin PBXCopyFilesBuildPhase section */
		92042C721BD0A21C006FC549 /* CopyFiles */ = {
			isa = PBXCopyFilesBuildPhase;
			buildActionMask = 2147483647;
			dstPath = /usr/share/man/man1/;
			dstSubfolderSpec = 0;
			files = (
			);
			runOnlyForDeploymentPostprocessing = 1;
		};
/* End PBXCopyFilesBuildPhase section */

/* Begin PBXFileReference section */
		92042C741BD0A21C006FC549 /* DVroutingSim */ = {isa = PBXFileReference; explicitFileType = "compiled.mach-o.executable"; includeInIndex = 0; path = DVroutingSim; sourceTree = BUILT_PRODUCTS_DIR; };
		92042C771BD0A21C006FC549 /* main.cpp */ = {isa = PBXFileReference; lastKnownFileType = sourcecode.cpp.cpp; path = main.cpp; sourceTree = "<group>"; };
		92042C7E1BD0A248006FC549 /* router.cpp */ = {isa = PBXFileReference; fileEncoding = 4; lastKnownFileType = sourcecode.cpp.cpp; path = router.cpp; sourceTree = "<group>"; };
		92042C7F1BD0A248006FC549 /* router.h */ = {isa = PBXFileReference; fileEncoding = 4; lastKnownFileType = sourcecode.c.h; path = router.h; sourceTree = "<group>"; };
		92FB53301BE336A1006AE2FF /* p_queue.cpp */ = {isa = PBXFileReference; fileEncoding = 4; lastKnownFileType = sourcecode.cpp.cpp; path = p_queue.cpp; sourceTree = "<group>"; };
		92FB53311BE336A1006AE2FF /* p_queue.h */ = {isa = PBXFileReference; fileEncoding = 4; lastKnownFileType = sourcecode.c.h; path = p_queue.h; sourceTree = "<group>"; };
/* End PBXFileReference section */

/* Begin PBXFrameworksBuildPhase section */
		92042C711BD0A21C006FC549 /* Frameworks */ = {
			isa = PBXFrameworksBuildPhase;
			buildActionMask = 2147483647;
			files = (
			);
			runOnlyForDeploymentPostprocessing = 0;
		};
/* End PBXFrameworksBuildPhase section */

/* Begin PBXGroup section */
		92042C6B1BD0A21C006FC549 = {
			isa = PBXGroup;
			children = (
				92042C761BD0A21C006FC549 /* DVroutingSim */,
				92042C751BD0A21C006FC549 /* Products */,
			);
			sourceTree = "<group>";
		};
		92042C751BD0A21C006FC549 /* Products */ = {
			isa = PBXGroup;
			children = (
				92042C741BD0A21C006FC549 /* DVroutingSim */,
			);
			name = Products;
			sourceTree = "<group>";
		};
		92042C761BD0A21C006FC549 /* DVroutingSim */ = {
			isa = PBXGroup;
			children = (
				92042C771BD0A21C006FC549 /* main.cpp */,
				92FB53301BE336A1006AE2FF /* p_queue.cpp */,
				92FB53311BE336A1006AE2FF /* p_queue.h */,
				92042C7E1BD0A248006FC549 /* router.cpp */,
				92042C7F1BD0A248006FC549 /* router.h */,
			);
			path = DVroutingSim;
			sourceTree = "<group>";
		};
/* End PBXGroup section */

/* Begin PBXNativeTarget section */
		92042C731BD0A21C006FC549 /* DVroutingSim */ = {
			isa = PBXNativeTarget;
			buildConfigurationList = 92042C7B1BD0A21C006FC549 /* Build configuration list for PBXNativeTarget "DVroutingSim" */;
			buildPhases = (
				92042C701BD0A21C006FC549 /* Sources */,
				92042C711BD0A21C006FC549 /* Frameworks */,
				92042C721BD0A21C006FC549 /* CopyFiles */,
			);
			buildRules = (
			);
			dependencies = (
			);
			name = DVroutingSim;
			productName = DVroutingSim;
			productReference = 92042C741BD0A21C006FC549 /* DVroutingSim */;
			productType = "com.apple.product-type.tool";
		};
/* End PBXNativeTarget section */

/* Begin PBXProject section */
		92042C6C1BD0A21C006FC549 /* Project object */ = {
			isa = PBXProject;
			attributes = {
				LastUpgradeCheck = 0640;
				ORGANIZATIONNAME = "Taylor Gift";
				TargetAttributes = {
					92042C731BD0A21C006FC549 = {
						CreatedOnToolsVersion = 6.4;
					};
				};
			};
			buildConfigurationList = 92042C6F1BD0A21C006FC549 /* Build configuration list for PBXProject "DVroutingSim" */;
			compatibilityVersion = "Xcode 3.2";
			developmentRegion = English;
			hasScannedForEncodings = 0;
			knownRegions = (
				en,
			);
			mainGroup = 92042C6B1BD0A21C006FC549;
			productRefGroup = 92042C751BD0A21C006FC549 /* Products */;
			projectDirPath = "";
			projectRoot = "";
			targets = (
				92042C731BD0A21C006FC549 /* DVroutingSim */,
			);
		};
/* End PBXProject section */

/* Begin PBXSourcesBuildPhase section */
		92042C701BD0A21C006FC549 /* Sources */ = {
			isa = PBXSourcesBuildPhase;
			buildActionMask = 2147483647;
			files = (
				92042C801BD0A248006FC549 /* router.cpp in Sources */,
				92042C781BD0A21C006FC549 /* main.cpp in Sources */,
				92FB53321BE336A1006AE2FF /* p_queue.cpp in Sources */,
			);
			runOnlyForDeploymentPostprocessing = 0;
		};
/* End PBXSourcesBuildPhase section */

/* Begin XCBuildConfiguration section */
		92042C791BD0A21C006FC549 /* Debug */ = {
			isa = XCBuildConfiguration;
			buildSettings = {
				ALWAYS_SEARCH_USER_PATHS = NO;
				CLANG_CXX_LANGUAGE_STANDARD = "gnu++0x";
				CLANG_CXX_LIBRARY = "libc++";
				CLANG_ENABLE_MODULES = YES;
				CLANG_ENABLE_OBJC_ARC = YES;
				CLANG_WARN_BOOL_CONVERSION = YES;
				CLANG_WARN_CONSTANT_CONVERSION = YES;
				CLANG_WARN_DIRECT_OBJC_ISA_USAGE = YES_ERROR;
				CLANG_WARN_EMPTY_BODY = YES;
				CLANG_WARN_ENUM_CONVERSION = YES;
				CLANG_WARN_INT_CONVERSION = YES;
				CLANG_WARN_OBJC_ROOT_CLASS = YES_ERROR;
				CLANG_WARN_UNREACHABLE_CODE = YES;
				CLANG_WARN__DUPLICATE_METHOD_MATCH = YES;
				COPY_PHASE_STRIP = NO;
				DEBUG_INFORMATION_FORMAT = dwarf;
				ENABLE_STRICT_OBJC_MSGSEND = YES;
				GCC_C_LANGUAGE_STANDARD = gnu99;
				GCC_DYNAMIC_NO_PIC = NO;
				GCC_NO_COMMON_BLOCKS = YES;
				GCC_OPTIMIZATION_LEVEL = 0;
				GCC_PREPROCESSOR_DEFINITIONS = (
					"DEBUG=1",
					"$(inherited)",
				);
				GCC_SYMBOLS_PRIVATE_EXTERN = NO;
				GCC_WARN_64_TO_32_BIT_CONVERSION = YES;
				GCC_WARN_ABOUT_RETURN_TYPE = YES_ERROR;
				GCC_WARN_UNDECLARED_SELECTOR = YES;
				GCC_WARN_UNINITIALIZED_AUTOS = YES_AGGRESSIVE;
				GCC_WARN_UNUSED_FUNCTION = YES;
				GCC_WARN_UNUSED_VARIABLE = YES;
				MACOSX_DEPLOYMENT_TARGET = 10.10;
				MTL_ENABLE_DEBUG_INFO = YES;
				ONLY_ACTIVE_ARCH = YES;
				SDKROOT = macosx;
			};
			name = Debug;
		};
		92042C7A1BD0A21C006FC549 /* Release */ = {
			isa = XCBuildConfiguration;
			buildSettings = {
				ALWAYS_SEARCH_USER_PATHS = NO;
				CLANG_CXX_LANGUAGE_STANDARD = "gnu++0x";
				CLANG_CXX_LIBRARY = "libc++";
				CLANG_ENABLE_MODULES = YES;
				CLANG_ENABLE_OBJC_ARC = YES;
				CLANG_WARN_BOOL_CONVERSION = YES;
				CLANG_WARN_CONSTANT_CONVERSION = YES;
				CLANG_WARN_DIRECT_OBJC_ISA_USAGE = YES_ERROR;
				CLANG_WARN_EMPTY_BODY = YES;
				CLANG_WARN_ENUM_CONVERSION = YES;
				CLANG_WARN_INT_CONVERSION = YES;
				CLANG_WARN_OBJC_ROOT_CLASS = YES_ERROR;
				CLANG_WARN_UNREACHABLE_CODE = YES;
				CLANG_WARN__DUPLICATE_METHOD_MATCH = YES;
				COPY_PHASE_STRIP = NO;
				DEBUG_INFORMATION_FORMAT = "dwarf-with-dsym";
				ENABLE_NS_ASSERTIONS = NO;
				ENABLE_STRICT_OBJC_MSGSEND = YES;
				GCC_C_LANGUAGE_STANDARD = gnu99;
				GCC_NO_COMMON_BLOCKS = YES;
				GCC_WARN_64_TO_32_BIT_CONVERSION = YES;
				GCC_WARN_ABOUT_RETURN_TYPE = YES_ERROR;
				GCC_WARN_UNDECLARED_SELECTOR = YES;
				GCC_WARN_UNINITIALIZED_AUTOS = YES_AGGRESSIVE;
				GCC_WARN_UNUSED_FUNCTION = YES;
				GCC_WARN_UNUSED_VARIABLE = YES;
				MACOSX_DEPLOYMENT_TARGET = 10.10;
				MTL_ENABLE_DEBUG_INFO = NO;
				SDKROOT = macosx;
			};
			name = Release;
		};
		92042C7C1BD0A21C006FC549 /* Debug */ = {
			isa = XCBuildConfiguration;
			buildSettings = {
				PRODUCT_NAME = "$(TARGET_NAME)";
			};
			name = Debug;
		};
		92042C7D1BD0A21C006FC549 /* Release */ = {
			isa = XCBuildConfiguration;
			buildSettings = {
				PRODUCT_NAME = "$(TARGET_NAME)";
			};
			name = Release;
		};
/* End XCBuildConfiguration section */

/* Begin XCConfigurationList section */
		92042C6F1BD0A21C006FC549 /* Build configuration list for PBXProject "DVroutingSim" */ = {
			isa = XCConfigurationList;
			buildConfigurations = (
				92042C791BD0A21C006FC549 /* Debug */,
				92042C7A1BD0A21C006FC549 /* Release */,
			);
			defaultConfigurationIsVisible = 0;
			defaultConfigurationName = Release;
		};
		92042C7B1BD0A21C006FC549 /* Build configuration list for PBXNativeTarget "DVroutingSim" */ = {
			isa = XCConfigurationList;
			buildConfigurations = (
				92042C7C1BD0A21C006FC549 /* Debug */,
				92042C7D1BD0A21C006FC549 /* Release */,
			);
			defaultConfigurationIsVisible = 0;
			defaultConfigurationName = Release;
		};
/* End XCConfigurationList section */
	};
	rootObject = 92042C6C1BD0A21C006FC549 /* Project object */;
}
